
Microsoft Visual Studio Solution File, Format Version 12.00
# Visual Studio Version 17
VisualStudioVersion = 17.14.36301.6
MinimumVisualStudioVersion = 10.0.40219.1
Project("{FAE04EC0-301F-11D3-BF4B-00C04F79EFBC}") = "KafkaLab.Consumer", "Consumer\KafkaLab.Consumer\KafkaLab.Consumer.csproj", "{2A15344E-C05A-49B1-B382-6B2955A3F26F}"
	ProjectSection(ProjectDependencies) = postProject
		{2C570C06-F4EE-A0E7-9A55-26E97D9A861E} = {2C570C06-F4EE-A0E7-9A55-26E97D9A861E}
	EndProjectSection
EndProject
Project("{FAE04EC0-301F-11D3-BF4B-00C04F79EFBC}") = "KafkaLab.Publisher", "Publisher\KafkaLab.Publisher.csproj", "{2C570C06-F4EE-A0E7-9A55-26E97D9A861E}"
EndProject
Project("{2150E333-8FDC-42A3-9474-1A3956D46DE8}") = "Docker", "Docker", "{8EC462FD-D22E-90A8-E5CE-7E832BA40C5D}"
	ProjectSection(SolutionItems) = preProject
		KafkaServices_CD.yaml = KafkaServices_CD.yaml
	EndProjectSection
EndProject
Global
	GlobalSection(SolutionConfigurationPlatforms) = preSolution
		Debug|Any CPU = Debug|Any CPU
		Release|Any CPU = Release|Any CPU
	EndGlobalSection
	GlobalSection(ProjectConfigurationPlatforms) = postSolution
		{2A15344E-C05A-49B1-B382-6B2955A3F26F}.Debug|Any CPU.ActiveCfg = Debug|Any CPU
		{2A15344E-C05A-49B1-B382-6B2955A3F26F}.Debug|Any CPU.Build.0 = Debug|Any CPU
		{2A15344E-C05A-49B1-B382-6B2955A3F26F}.Release|Any CPU.ActiveCfg = Release|Any CPU
		{2A15344E-C05A-49B1-B382-6B2955A3F26F}.Release|Any CPU.Build.0 = Release|Any CPU
		{2C570C06-F4EE-A0E7-9A55-26E97D9A861E}.Debug|Any CPU.ActiveCfg = Debug|Any CPU
		{2C570C06-F4EE-A0E7-9A55-26E97D9A861E}.Debug|Any CPU.Build.0 = Debug|Any CPU
		{2C570C06-F4EE-A0E7-9A55-26E97D9A861E}.Release|Any CPU.ActiveCfg = Release|Any CPU
		{2C570C06-F4EE-A0E7-9A55-26E97D9A861E}.Release|Any CPU.Build.0 = Release|Any CPU
	EndGlobalSection
	GlobalSection(SolutionProperties) = preSolution
		HideSolutionNode = FALSE
	EndGlobalSection
	GlobalSection(ExtensibilityGlobals) = postSolution
		SolutionGuid = {244F6EF8-51C9-4D2D-A721-209FFD6A8F94}
	EndGlobalSection
EndGlobal
